
Microsoft Visual Studio Solution File, Format Version 12.00
# Visual Studio Version 17
VisualStudioVersion = 17.7.34018.315
MinimumVisualStudioVersion = 10.0.40219.1
Project("{FAE04EC0-301F-11D3-BF4B-00C04F79EFBC}") = "BITCollege_QX", "..\..\Module 1\Assignment 1\BITCollege_QX\BITCollege_QX\BITCollege_QX.csproj", "{4E59CBC9-A8FF-42DB-B4C0-FDA96437BA5A}"
EndProject
Project("{FAE04EC0-301F-11D3-BF4B-00C04F79EFBC}") = "Utility", "..\..\Module 1\Assignment 1\BITCollege_QX\Utility\Utility.csproj", "{39EE02E5-5786-4C05-BE13-A9CCA941F3A8}"
EndProject
Project("{FAE04EC0-301F-11D3-BF4B-00C04F79EFBC}") = "TuitionRateAdjustmentTest", "TuitionRateAdjustmentTest\TuitionRateAdjustmentTest.csproj", "{45E7CE42-F6D6-4C8F-AF42-9723B0B0FD2F}"
EndProject
Project("{FAE04EC0-301F-11D3-BF4B-00C04F79EFBC}") = "BITCollegeService", "BITCollegeService\BITCollegeService.csproj", "{A38DD6DD-C8D0-4246-ABE5-B4CFD96A3DFB}"
EndProject
Global
	GlobalSection(SolutionConfigurationPlatforms) = preSolution
		Debug|Any CPU = Debug|Any CPU
		Release|Any CPU = Release|Any CPU
	EndGlobalSection
	GlobalSection(ProjectConfigurationPlatforms) = postSolution
		{4E59CBC9-A8FF-42DB-B4C0-FDA96437BA5A}.Debug|Any CPU.ActiveCfg = Debug|Any CPU
		{4E59CBC9-A8FF-42DB-B4C0-FDA96437BA5A}.Debug|Any CPU.Build.0 = Debug|Any CPU
		{4E59CBC9-A8FF-42DB-B4C0-FDA96437BA5A}.Release|Any CPU.ActiveCfg = Release|Any CPU
		{4E59CBC9-A8FF-42DB-B4C0-FDA96437BA5A}.Release|Any CPU.Build.0 = Release|Any CPU
		{39EE02E5-5786-4C05-BE13-A9CCA941F3A8}.Debug|Any CPU.ActiveCfg = Debug|Any CPU
		{39EE02E5-5786-4C05-BE13-A9CCA941F3A8}.Debug|Any CPU.Build.0 = Debug|Any CPU
		{39EE02E5-5786-4C05-BE13-A9CCA941F3A8}.Release|Any CPU.ActiveCfg = Release|Any CPU
		{39EE02E5-5786-4C05-BE13-A9CCA941F3A8}.Release|Any CPU.Build.0 = Release|Any CPU
		{45E7CE42-F6D6-4C8F-AF42-9723B0B0FD2F}.Debug|Any CPU.ActiveCfg = Debug|Any CPU
		{45E7CE42-F6D6-4C8F-AF42-9723B0B0FD2F}.Debug|Any CPU.Build.0 = Debug|Any CPU
		{45E7CE42-F6D6-4C8F-AF42-9723B0B0FD2F}.Release|Any CPU.ActiveCfg = Release|Any CPU
		{45E7CE42-F6D6-4C8F-AF42-9723B0B0FD2F}.Release|Any CPU.Build.0 = Release|Any CPU
		{A38DD6DD-C8D0-4246-ABE5-B4CFD96A3DFB}.Debug|Any CPU.ActiveCfg = Debug|Any CPU
		{A38DD6DD-C8D0-4246-ABE5-B4CFD96A3DFB}.Debug|Any CPU.Build.0 = Debug|Any CPU
		{A38DD6DD-C8D0-4246-ABE5-B4CFD96A3DFB}.Release|Any CPU.ActiveCfg = Release|Any CPU
		{A38DD6DD-C8D0-4246-ABE5-B4CFD96A3DFB}.Release|Any CPU.Build.0 = Release|Any CPU
	EndGlobalSection
	GlobalSection(SolutionProperties) = preSolution
		HideSolutionNode = FALSE
	EndGlobalSection
	GlobalSection(ExtensibilityGlobals) = postSolution
		SolutionGuid = {BC128EC5-B4F4-42F7-8C98-D7A262F60B48}
	EndGlobalSection
EndGlobal
